
Microsoft Visual Studio Solution File, Format Version 12.00
# Visual Studio 15
VisualStudioVersion = 15.0.26403.7
MinimumVisualStudioVersion = 10.0.40219.1
Project("{8BC9CEB8-8B4A-11D0-8D11-00A0C91BC942}") = "FinalProject", "G:\FinalProject\FinalProject.vcxproj", "{76B6768B-FF88-49DD-A69B-831B310E1F3E}"
EndProject
Global
	GlobalSection(SolutionConfigurationPlatforms) = preSolution
		Debug|x64 = Debug|x64
		Debug|x86 = Debug|x86
		Release|x64 = Release|x64
		Release|x86 = Release|x86
	EndGlobalSection
	GlobalSection(ProjectConfigurationPlatforms) = postSolution
		{76B6768B-FF88-49DD-A69B-831B310E1F3E}.Debug|x64.ActiveCfg = Debug|x64
		{76B6768B-FF88-49DD-A69B-831B310E1F3E}.Debug|x64.Build.0 = Debug|x64
		{76B6768B-FF88-49DD-A69B-831B310E1F3E}.Debug|x86.ActiveCfg = Debug|Win32
		{76B6768B-FF88-49DD-A69B-831B310E1F3E}.Debug|x86.Build.0 = Debug|Win32
		{76B6768B-FF88-49DD-A69B-831B310E1F3E}.Release|x64.ActiveCfg = Release|x64
		{76B6768B-FF88-49DD-A69B-831B310E1F3E}.Release|x64.Build.0 = Release|x64
		{76B6768B-FF88-49DD-A69B-831B310E1F3E}.Release|x86.ActiveCfg = Release|Win32
		{76B6768B-FF88-49DD-A69B-831B310E1F3E}.Release|x86.Build.0 = Release|Win32
	EndGlobalSection
	GlobalSection(SolutionProperties) = preSolution
		HideSolutionNode = FALSE
	EndGlobalSection
EndGlobal
